
Microsoft Visual Studio Solution File, Format Version 12.00
# Visual Studio Version 17
VisualStudioVersion = 17.2.32602.215
MinimumVisualStudioVersion = 10.0.40219.1
Project("{FAE04EC0-301F-11D3-BF4B-00C04F79EFBC}") = "ProjetoAula04", "ProjetoAula04\ProjetoAula04.csproj", "{E1E130F0-CBC1-46A1-85E3-0D6FA42F3086}"
EndProject
Global
	GlobalSection(SolutionConfigurationPlatforms) = preSolution
		Debug|Any CPU = Debug|Any CPU
		Release|Any CPU = Release|Any CPU
	EndGlobalSection
	GlobalSection(ProjectConfigurationPlatforms) = postSolution
		{E1E130F0-CBC1-46A1-85E3-0D6FA42F3086}.Debug|Any CPU.ActiveCfg = Debug|Any CPU
		{E1E130F0-CBC1-46A1-85E3-0D6FA42F3086}.Debug|Any CPU.Build.0 = Debug|Any CPU
		{E1E130F0-CBC1-46A1-85E3-0D6FA42F3086}.Release|Any CPU.ActiveCfg = Release|Any CPU
		{E1E130F0-CBC1-46A1-85E3-0D6FA42F3086}.Release|Any CPU.Build.0 = Release|Any CPU
	EndGlobalSection
	GlobalSection(SolutionProperties) = preSolution
		HideSolutionNode = FALSE
	EndGlobalSection
	GlobalSection(ExtensibilityGlobals) = postSolution
		SolutionGuid = {72053A89-954F-43F8-80AC-52E78FF25EA3}
	EndGlobalSection
EndGlobal
